// !$*UTF8*$!
{
	archiveVersion = 1;
	classes = {
	};
	objectVersion = 46;
	objects = {

/* Begin PBXBuildFile section */
		1E4A744D1BE748020035ADF1 /* main.m in Sources */ = {isa = PBXBuildFile; fileRef = 1E4A744C1BE748020035ADF1 /* main.m */; };
		1E4A74501BE748020035ADF1 /* AppDelegate.m in Sources */ = {isa = PBXBuildFile; fileRef = 1E4A744F1BE748020035ADF1 /* AppDelegate.m */; };
		1E4A74531BE748020035ADF1 /* ViewController.m in Sources */ = {isa = PBXBuildFile; fileRef = 1E4A74521BE748020035ADF1 /* ViewController.m */; };
		1E4A74561BE748020035ADF1 /* Main.storyboard in Resources */ = {isa = PBXBuildFile; fileRef = 1E4A74541BE748020035ADF1 /* Main.storyboard */; };
		1E4A74581BE748020035ADF1 /* Assets.xcassets in Resources */ = {isa = PBXBuildFile; fileRef = 1E4A74571BE748020035ADF1 /* Assets.xcassets */; };
		1E4A745B1BE748020035ADF1 /* LaunchScreen.storyboard in Resources */ = {isa = PBXBuildFile; fileRef = 1E4A74591BE748020035ADF1 /* LaunchScreen.storyboard */; };
		1E4A74681BE749CC0035ADF1 /* QYCarChooseView.m in Sources */ = {isa = PBXBuildFile; fileRef = 1E4A74671BE749CC0035ADF1 /* QYCarChooseView.m */; };
		1E4A746D1BE749EC0035ADF1 /* QYCarViewCell.m in Sources */ = {isa = PBXBuildFile; fileRef = 1E4A746A1BE749EC0035ADF1 /* QYCarViewCell.m */; };
		1E4A746E1BE749EC0035ADF1 /* LineLayout.m in Sources */ = {isa = PBXBuildFile; fileRef = 1E4A746C1BE749EC0035ADF1 /* LineLayout.m */; };
		1E4A74711BE74A920035ADF1 /* UIViewExt.m in Sources */ = {isa = PBXBuildFile; fileRef = 1E4A74701BE74A920035ADF1 /* UIViewExt.m */; };
/* End PBXBuildFile section */

/* Begin PBXFileReference section */
		1E4A74481BE748020035ADF1 /* QYCarChooseAnimation.app */ = {isa = PBXFileReference; explicitFileType = wrapper.application; includeInIndex = 0; path = QYCarChooseAnimation.app; sourceTree = BUILT_PRODUCTS_DIR; };
		1E4A744C1BE748020035ADF1 /* main.m */ = {isa = PBXFileReference; lastKnownFileType = sourcecode.c.objc; path = main.m; sourceTree = "<group>"; };
		1E4A744E1BE748020035ADF1 /* AppDelegate.h */ = {isa = PBXFileReference; lastKnownFileType = sourcecode.c.h; path = AppDelegate.h; sourceTree = "<group>"; };
		1E4A744F1BE748020035ADF1 /* AppDelegate.m */ = {isa = PBXFileReference; lastKnownFileType = sourcecode.c.objc; path = AppDelegate.m; sourceTree = "<group>"; };
		1E4A74511BE748020035ADF1 /* ViewController.h */ = {isa = PBXFileReference; lastKnownFileType = sourcecode.c.h; path = ViewController.h; sourceTree = "<group>"; };
		1E4A74521BE748020035ADF1 /* ViewController.m */ = {isa = PBXFileReference; lastKnownFileType = sourcecode.c.objc; path = ViewController.m; sourceTree = "<group>"; };
		1E4A74551BE748020035ADF1 /* Base */ = {isa = PBXFileReference; lastKnownFileType = file.storyboard; name = Base; path = Base.lproj/Main.storyboard; sourceTree = "<group>"; };
		1E4A74571BE748020035ADF1 /* Assets.xcassets */ = {isa = PBXFileReference; lastKnownFileType = folder.assetcatalog; path = Assets.xcassets; sourceTree = "<group>"; };
		1E4A745A1BE748020035ADF1 /* Base */ = {isa = PBXFileReference; lastKnownFileType = file.storyboard; name = Base; path = Base.lproj/LaunchScreen.storyboard; sourceTree = "<group>"; };
		1E4A745C1BE748020035ADF1 /* Info.plist */ = {isa = PBXFileReference; lastKnownFileType = text.plist.xml; path = Info.plist; sourceTree = "<group>"; };
		1E4A74661BE749CC0035ADF1 /* QYCarChooseView.h */ = {isa = PBXFileReference; fileEncoding = 4; lastKnownFileType = sourcecode.c.h; path = QYCarChooseView.h; sourceTree = "<group>"; };
		1E4A74671BE749CC0035ADF1 /* QYCarChooseView.m */ = {isa = PBXFileReference; fileEncoding = 4; lastKnownFileType = sourcecode.c.objc; path = QYCarChooseView.m; sourceTree = "<group>"; };
		1E4A74691BE749EC0035ADF1 /* QYCarViewCell.h */ = {isa = PBXFileReference; fileEncoding = 4; lastKnownFileType = sourcecode.c.h; path = QYCarViewCell.h; sourceTree = "<group>"; };
		1E4A746A1BE749EC0035ADF1 /* QYCarViewCell.m */ = {isa = PBXFileReference; fileEncoding = 4; lastKnownFileType = sourcecode.c.objc; path = QYCarViewCell.m; sourceTree = "<group>"; };
		1E4A746B1BE749EC0035ADF1 /* LineLayout.h */ = {isa = PBXFileReference; fileEncoding = 4; lastKnownFileType = sourcecode.c.h; path = LineLayout.h; sourceTree = "<group>"; };
		1E4A746C1BE749EC0035ADF1 /* LineLayout.m */ = {isa = PBXFileReference; fileEncoding = 4; lastKnownFileType = sourcecode.c.objc; path = LineLayout.m; sourceTree = "<group>"; };
		1E4A746F1BE74A920035ADF1 /* UIViewExt.h */ = {isa = PBXFileReference; fileEncoding = 4; lastKnownFileType = sourcecode.c.h; path = UIViewExt.h; sourceTree = "<group>"; };
		1E4A74701BE74A920035ADF1 /* UIViewExt.m */ = {isa = PBXFileReference; fileEncoding = 4; lastKnownFileType = sourcecode.c.objc; path = UIViewExt.m; sourceTree = "<group>"; };
/* End PBXFileReference section */

/* Begin PBXFrameworksBuildPhase section */
		1E4A74451BE748020035ADF1 /* Frameworks */ = {
			isa = PBXFrameworksBuildPhase;
			buildActionMask = 2147483647;
			files = (
			);
			runOnlyForDeploymentPostprocessing = 0;
		};
/* End PBXFrameworksBuildPhase section */

/* Begin PBXGroup section */
		1E4A743F1BE748020035ADF1 = {
			isa = PBXGroup;
			children = (
				1E4A744A1BE748020035ADF1 /* QYCarChooseAnimation */,
				1E4A74491BE748020035ADF1 /* Products */,
			);
			sourceTree = "<group>";
		};
		1E4A74491BE748020035ADF1 /* Products */ = {
			isa = PBXGroup;
			children = (
				1E4A74481BE748020035ADF1 /* QYCarChooseAnimation.app */,
			);
			name = Products;
			sourceTree = "<group>";
		};
		1E4A744A1BE748020035ADF1 /* QYCarChooseAnimation */ = {
			isa = PBXGroup;
			children = (
				1E4A74651BE7499E0035ADF1 /* QYCarChooseView */,
				1E4A744E1BE748020035ADF1 /* AppDelegate.h */,
				1E4A744F1BE748020035ADF1 /* AppDelegate.m */,
				1E4A74511BE748020035ADF1 /* ViewController.h */,
				1E4A74521BE748020035ADF1 /* ViewController.m */,
				1E4A74541BE748020035ADF1 /* Main.storyboard */,
				1E4A74571BE748020035ADF1 /* Assets.xcassets */,
				1E4A74591BE748020035ADF1 /* LaunchScreen.storyboard */,
				1E4A745C1BE748020035ADF1 /* Info.plist */,
				1E4A744B1BE748020035ADF1 /* Supporting Files */,
			);
			path = QYCarChooseAnimation;
			sourceTree = "<group>";
		};
		1E4A744B1BE748020035ADF1 /* Supporting Files */ = {
			isa = PBXGroup;
			children = (
				1E4A744C1BE748020035ADF1 /* main.m */,
			);
			name = "Supporting Files";
			sourceTree = "<group>";
		};
		1E4A74651BE7499E0035ADF1 /* QYCarChooseView */ = {
			isa = PBXGroup;
			children = (
				1E4A74661BE749CC0035ADF1 /* QYCarChooseView.h */,
				1E4A74671BE749CC0035ADF1 /* QYCarChooseView.m */,
				1E4A74691BE749EC0035ADF1 /* QYCarViewCell.h */,
				1E4A746A1BE749EC0035ADF1 /* QYCarViewCell.m */,
				1E4A746B1BE749EC0035ADF1 /* LineLayout.h */,
				1E4A746C1BE749EC0035ADF1 /* LineLayout.m */,
				1E4A746F1BE74A920035ADF1 /* UIViewExt.h */,
				1E4A74701BE74A920035ADF1 /* UIViewExt.m */,
			);
			path = QYCarChooseView;
			sourceTree = "<group>";
		};
/* End PBXGroup section */

/* Begin PBXNativeTarget section */
		1E4A74471BE748020035ADF1 /* QYCarChooseAnimation */ = {
			isa = PBXNativeTarget;
			buildConfigurationList = 1E4A745F1BE748020035ADF1 /* Build configuration list for PBXNativeTarget "QYCarChooseAnimation" */;
			buildPhases = (
				1E4A74441BE748020035ADF1 /* Sources */,
				1E4A74451BE748020035ADF1 /* Frameworks */,
				1E4A74461BE748020035ADF1 /* Resources */,
			);
			buildRules = (
			);
			dependencies = (
			);
			name = QYCarChooseAnimation;
			productName = QYCarChooseAnimation;
			productReference = 1E4A74481BE748020035ADF1 /* QYCarChooseAnimation.app */;
			productType = "com.apple.product-type.application";
		};
/* End PBXNativeTarget section */

/* Begin PBXProject section */
		1E4A74401BE748020035ADF1 /* Project object */ = {
			isa = PBXProject;
			attributes = {
				LastUpgradeCheck = 0710;
				ORGANIZATIONNAME = qianye;
				TargetAttributes = {
					1E4A74471BE748020035ADF1 = {
						CreatedOnToolsVersion = 7.1;
					};
				};
			};
			buildConfigurationList = 1E4A74431BE748020035ADF1 /* Build configuration list for PBXProject "QYCarChooseAnimation" */;
			compatibilityVersion = "Xcode 3.2";
			developmentRegion = English;
			hasScannedForEncodings = 0;
			knownRegions = (
				en,
				Base,
			);
			mainGroup = 1E4A743F1BE748020035ADF1;
			productRefGroup = 1E4A74491BE748020035ADF1 /* Products */;
			projectDirPath = "";
			projectRoot = "";
			targets = (
				1E4A74471BE748020035ADF1 /* QYCarChooseAnimation */,
			);
		};
/* End PBXProject section */

/* Begin PBXResourcesBuildPhase section */
		1E4A74461BE748020035ADF1 /* Resources */ = {
			isa = PBXResourcesBuildPhase;
			buildActionMask = 2147483647;
			files = (
				1E4A745B1BE748020035ADF1 /* LaunchScreen.storyboard in Resources */,
				1E4A74581BE748020035ADF1 /* Assets.xcassets in Resources */,
				1E4A74561BE748020035ADF1 /* Main.storyboard in Resources */,
			);
			runOnlyForDeploymentPostprocessing = 0;
		};
/* End PBXResourcesBuildPhase section */

/* Begin PBXSourcesBuildPhase section */
		1E4A74441BE748020035ADF1 /* Sources */ = {
			isa = PBXSourcesBuildPhase;
			buildActionMask = 2147483647;
			files = (
				1E4A74711BE74A920035ADF1 /* UIViewExt.m in Sources */,
				1E4A74681BE749CC0035ADF1 /* QYCarChooseView.m in Sources */,
				1E4A74531BE748020035ADF1 /* ViewController.m in Sources */,
				1E4A74501BE748020035ADF1 /* AppDelegate.m in Sources */,
				1E4A746E1BE749EC0035ADF1 /* LineLayout.m in Sources */,
				1E4A744D1BE748020035ADF1 /* main.m in Sources */,
				1E4A746D1BE749EC0035ADF1 /* QYCarViewCell.m in Sources */,
			);
			runOnlyForDeploymentPostprocessing = 0;
		};
/* End PBXSourcesBuildPhase section */

/* Begin PBXVariantGroup section */
		1E4A74541BE748020035ADF1 /* Main.storyboard */ = {
			isa = PBXVariantGroup;
			children = (
				1E4A74551BE748020035ADF1 /* Base */,
			);
			name = Main.storyboard;
			sourceTree = "<group>";
		};
		1E4A74591BE748020035ADF1 /* LaunchScreen.storyboard */ = {
			isa = PBXVariantGroup;
			children = (
				1E4A745A1BE748020035ADF1 /* Base */,
			);
			name = LaunchScreen.storyboard;
			sourceTree = "<group>";
		};
/* End PBXVariantGroup section */

/* Begin XCBuildConfiguration section */
		1E4A745D1BE748020035ADF1 /* Debug */ = {
			isa = XCBuildConfiguration;
			buildSettings = {
				ALWAYS_SEARCH_USER_PATHS = NO;
				CLANG_CXX_LANGUAGE_STANDARD = "gnu++0x";
				CLANG_CXX_LIBRARY = "libc++";
				CLANG_ENABLE_MODULES = YES;
				CLANG_ENABLE_OBJC_ARC = YES;
				CLANG_WARN_BOOL_CONVERSION = YES;
				CLANG_WARN_CONSTANT_CONVERSION = YES;
				CLANG_WARN_DIRECT_OBJC_ISA_USAGE = YES_ERROR;
				CLANG_WARN_EMPTY_BODY = YES;
				CLANG_WARN_ENUM_CONVERSION = YES;
				CLANG_WARN_INT_CONVERSION = YES;
				CLANG_WARN_OBJC_ROOT_CLASS = YES_ERROR;
				CLANG_WARN_UNREACHABLE_CODE = YES;
				CLANG_WARN__DUPLICATE_METHOD_MATCH = YES;
				"CODE_SIGN_IDENTITY[sdk=iphoneos*]" = "iPhone Developer";
				COPY_PHASE_STRIP = NO;
				DEBUG_INFORMATION_FORMAT = dwarf;
				ENABLE_STRICT_OBJC_MSGSEND = YES;
				ENABLE_TESTABILITY = YES;
				GCC_C_LANGUAGE_STANDARD = gnu99;
				GCC_DYNAMIC_NO_PIC = NO;
				GCC_NO_COMMON_BLOCKS = YES;
				GCC_OPTIMIZATION_LEVEL = 0;
				GCC_PREPROCESSOR_DEFINITIONS = (
					"DEBUG=1",
					"$(inherited)",
				);
				GCC_WARN_64_TO_32_BIT_CONVERSION = YES;
				GCC_WARN_ABOUT_RETURN_TYPE = YES_ERROR;
				GCC_WARN_UNDECLARED_SELECTOR = YES;
				GCC_WARN_UNINITIALIZED_AUTOS = YES_AGGRESSIVE;
				GCC_WARN_UNUSED_FUNCTION = YES;
				GCC_WARN_UNUSED_VARIABLE = YES;
				IPHONEOS_DEPLOYMENT_TARGET = 9.1;
				MTL_ENABLE_DEBUG_INFO = YES;
				ONLY_ACTIVE_ARCH = YES;
				SDKROOT = iphoneos;
			};
			name = Debug;
		};
		1E4A745E1BE748020035ADF1 /* Release */ = {
			isa = XCBuildConfiguration;
			buildSettings = {
				ALWAYS_SEARCH_USER_PATHS = NO;
				CLANG_CXX_LANGUAGE_STANDARD = "gnu++0x";
				CLANG_CXX_LIBRARY = "libc++";
				CLANG_ENABLE_MODULES = YES;
				CLANG_ENABLE_OBJC_ARC = YES;
				CLANG_WARN_BOOL_CONVERSION = YES;
				CLANG_WARN_CONSTANT_CONVERSION = YES;
				CLANG_WARN_DIRECT_OBJC_ISA_USAGE = YES_ERROR;
				CLANG_WARN_EMPTY_BODY = YES;
				CLANG_WARN_ENUM_CONVERSION = YES;
				CLANG_WARN_INT_CONVERSION = YES;
				CLANG_WARN_OBJC_ROOT_CLASS = YES_ERROR;
				CLANG_WARN_UNREACHABLE_CODE = YES;
				CLANG_WARN__DUPLICATE_METHOD_MATCH = YES;
				"CODE_SIGN_IDENTITY[sdk=iphoneos*]" = "iPhone Developer";
				COPY_PHASE_STRIP = NO;
				DEBUG_INFORMATION_FORMAT = "dwarf-with-dsym";
				ENABLE_NS_ASSERTIONS = NO;
				ENABLE_STRICT_OBJC_MSGSEND = YES;
				GCC_C_LANGUAGE_STANDARD = gnu99;
				GCC_NO_COMMON_BLOCKS = YES;
				GCC_WARN_64_TO_32_BIT_CONVERSION = YES;
				GCC_WARN_ABOUT_RETURN_TYPE = YES_ERROR;
				GCC_WARN_UNDECLARED_SELECTOR = YES;
				GCC_WARN_UNINITIALIZED_AUTOS = YES_AGGRESSIVE;
				GCC_WARN_UNUSED_FUNCTION = YES;
				GCC_WARN_UNUSED_VARIABLE = YES;
				IPHONEOS_DEPLOYMENT_TARGET = 9.1;
				MTL_ENABLE_DEBUG_INFO = NO;
				SDKROOT = iphoneos;
				VALIDATE_PRODUCT = YES;
			};
			name = Release;
		};
		1E4A74601BE748020035ADF1 /* Debug */ = {
			isa = XCBuildConfiguration;
			buildSettings = {
				ASSETCATALOG_COMPILER_APPICON_NAME = AppIcon;
				INFOPLIST_FILE = QYCarChooseAnimation/Info.plist;
				IPHONEOS_DEPLOYMENT_TARGET = 7.0;
				LD_RUNPATH_SEARCH_PATHS = "$(inherited) @executable_path/Frameworks";
				PRODUCT_BUNDLE_IDENTIFIER = com.qianye.QYCarChooseAnimation;
				PRODUCT_NAME = "$(TARGET_NAME)";
				PROVISIONING_PROFILE = "b077459b-b354-4a4d-9182-a6eef11eeb06";
			};
			name = Debug;
		};
		1E4A74611BE748020035ADF1 /* Release */ = {
			isa = XCBuildConfiguration;
			buildSettings = {
				ASSETCATALOG_COMPILER_APPICON_NAME = AppIcon;
				INFOPLIST_FILE = QYCarChooseAnimation/Info.plist;
				IPHONEOS_DEPLOYMENT_TARGET = 7.0;
				LD_RUNPATH_SEARCH_PATHS = "$(inherited) @executable_path/Frameworks";
				PRODUCT_BUNDLE_IDENTIFIER = com.qianye.QYCarChooseAnimation;
				PRODUCT_NAME = "$(TARGET_NAME)";
				PROVISIONING_PROFILE = "b077459b-b354-4a4d-9182-a6eef11eeb06";
			};
			name = Release;
		};
/* End XCBuildConfiguration section */

/* Begin XCConfigurationList section */
		1E4A74431BE748020035ADF1 /* Build configuration list for PBXProject "QYCarChooseAnimation" */ = {
			isa = XCConfigurationList;
			buildConfigurations = (
				1E4A745D1BE748020035ADF1 /* Debug */,
				1E4A745E1BE748020035ADF1 /* Release */,
			);
			defaultConfigurationIsVisible = 0;
			defaultConfigurationName = Release;
		};
		1E4A745F1BE748020035ADF1 /* Build configuration list for PBXNativeTarget "QYCarChooseAnimation" */ = {
			isa = XCConfigurationList;
			buildConfigurations = (
				1E4A74601BE748020035ADF1 /* Debug */,
				1E4A74611BE748020035ADF1 /* Release */,
			);
			defaultConfigurationIsVisible = 0;
		};
/* End XCConfigurationList section */
	};
	rootObject = 1E4A74401BE748020035ADF1 /* Project object */;
}
